Microsoft Visual Studio Solution File, Format Version 10.00
# Visual Studio 2008
Project("{2150E333-8FDC-42A3-9474-1A3956D46DE8}") = "Solution Items", "Solution Items", "{2A15801C-AC5E-4C74-A02E-2D48487CC80D}"
	ProjectSection(SolutionItems) = preProject
		build-common\common-project.xml = build-common\common-project.xml
		COPYING.txt = COPYING.txt
		NDoc.build = NDoc.build
		NDoc.build.include = NDoc.build.include
		NDoc.build.package = NDoc.build.package
		README.txt = README.txt
	EndProjectSection
EndProject
Project("{FAE04EC0-301F-11D3-BF4B-00C04F79EFBC}") = "Gui", "src\Gui\Gui.csproj", "{905285AD-A830-4BEB-A243-22A26A8E9827}"
	ProjectSection(ProjectDependencies) = postProject
		{8282F072-D966-4075-A8DA-8911E36F4980} = {8282F072-D966-4075-A8DA-8911E36F4980}
		{5B088ED3-EEED-4DD4-AE4C-A7E9323B634C} = {5B088ED3-EEED-4DD4-AE4C-A7E9323B634C}
	EndProjectSection
EndProject
Project("{FAE04EC0-301F-11D3-BF4B-00C04F79EFBC}") = "Core", "src\Core\Core.csproj", "{DBA75D67-23C9-4A78-ABC2-CF8802FDB7CA}"
EndProject
Project("{FAE04EC0-301F-11D3-BF4B-00C04F79EFBC}") = "Msdn", "src\Documenter\Msdn\Msdn.csproj", "{8282F072-D966-4075-A8DA-8911E36F4980}"
EndProject
Project("{FAE04EC0-301F-11D3-BF4B-00C04F79EFBC}") = "Xml", "src\Documenter\Xml\Xml.csproj", "{C90E801B-30AF-45DA-A138-E6BCCB1E99A7}"
EndProject
Project("{FAE04EC0-301F-11D3-BF4B-00C04F79EFBC}") = "JavaDoc", "src\Documenter\JavaDoc\JavaDoc.csproj", "{17A4026E-1790-4965-A670-861AE002BEF0}"
EndProject
Project("{FAE04EC0-301F-11D3-BF4B-00C04F79EFBC}") = "Console", "src\Console\Console.csproj", "{D7D2286A-8378-4CC9-A260-7AC1EE65E24E}"
EndProject
Project("{FAE04EC0-301F-11D3-BF4B-00C04F79EFBC}") = "VisualStudio", "src\VisualStudio\VisualStudio.csproj", "{ED78444A-4734-41F7-8688-4BA9994BEBF5}"
EndProject
Project("{FAE04EC0-301F-11D3-BF4B-00C04F79EFBC}") = "LinearHtml", "src\Documenter\LinearHtml\LinearHtml.csproj", "{8844E0D9-FCA0-419D-9168-BCD420B38378}"
EndProject
Project("{FAE04EC0-301F-11D3-BF4B-00C04F79EFBC}") = "Latex", "src\Documenter\Latex\Latex.csproj", "{2929DFA6-FFCF-4110-B8B5-3005A087B58A}"
EndProject
Project("{FAE04EC0-301F-11D3-BF4B-00C04F79EFBC}") = "NativeHtmlHelp2", "src\Documenter\NativeHtmlHelp2\NativeHtmlHelp2.csproj", "{5B088ED3-EEED-4DD4-AE4C-A7E9323B634C}"
EndProject
Project("{8BC9CEB8-8B4A-11D0-8D11-00A0C91BC942}") = "UsersGuide", "src\UsersGuide\UsersGuide.vcproj", "{D250CF6D-13ED-4B69-AE7C-345D7C686B49}"
EndProject
Project("{FAE04EC0-301F-11D3-BF4B-00C04F79EFBC}") = "ExtendedUI", "src\ExtendedUI\ExtendedUI.csproj", "{0E14C115-C99D-49F7-A892-3AEF74320A61}"
EndProject
Project("{FAE04EC0-301F-11D3-BF4B-00C04F79EFBC}") = "Msdn2", "src\Documenter\Msdn2\Msdn2.csproj", "{E483DCDD-A621-4DD6-92A3-5D9F4F9A7FC9}"
EndProject
Project("{FAE04EC0-301F-11D3-BF4B-00C04F79EFBC}") = "Intellisense", "src\Documenter\Intellisense\Intellisense.csproj", "{B09E5CDA-AA48-48A0-BC4F-100243D71922}"
EndProject
Project("{54435603-DBB4-11D2-8724-00A0C9A8B90C}") = "Setup", "Setup\Setup.vdproj", "{0A0D6E2E-6017-46F5-A78E-0D828D65A742}"
EndProject
Project("{FAE04EC0-301F-11D3-BF4B-00C04F79EFBC}") = "Test", "test\Test\Test.csproj", "{087FF069-C495-4CE7-B999-06C2B5D311B9}"
EndProject
Project("{FAE04EC0-301F-11D3-BF4B-00C04F79EFBC}") = "Core.Tests", "test\Core.Tests\Core.Tests.csproj", "{78684BDC-E23C-4BBA-B9B6-EB271D6C9016}"
EndProject
Project("{FAE04EC0-301F-11D3-BF4B-00C04F79EFBC}") = "Core.Tests.TestAssembly1", "test\Core.Tests.TestAssembly1\Core.Tests.TestAssembly1.csproj", "{3E9FF63F-ABE2-4A7A-873B-D3103D3BABF1}"
EndProject
Project("{FAE04EC0-301F-11D3-BF4B-00C04F79EFBC}") = "Core.Tests.TestAssembly2", "test\Core.Tests.TestAssembly2\Core.Tests.TestAssembly2.csproj", "{8185BFAF-72B4-49E9-B9AC-090F032EC20F}"
EndProject
Global
	GlobalSection(SolutionConfigurationPlatforms) = preSolution
		Debug|Any CPU = Debug|Any CPU
		Debug|Mixed Platforms = Debug|Mixed Platforms
		Debug|Win32 = Debug|Win32
		Deploy|Any CPU = Deploy|Any CPU
		Deploy|Mixed Platforms = Deploy|Mixed Platforms
		Deploy|Win32 = Deploy|Win32
		Release|Any CPU = Release|Any CPU
		Release|Mixed Platforms = Release|Mixed Platforms
		Release|Win32 = Release|Win32
	EndGlobalSection
	GlobalSection(ProjectConfigurationPlatforms) = postSolution
		{905285AD-A830-4BEB-A243-22A26A8E9827}.Debug|Any CPU.ActiveCfg = Debug|Any CPU
		{905285AD-A830-4BEB-A243-22A26A8E9827}.Debug|Any CPU.Build.0 = Debug|Any CPU
		{905285AD-A830-4BEB-A243-22A26A8E9827}.Debug|Mixed Platforms.ActiveCfg = Debug|Any CPU
		{905285AD-A830-4BEB-A243-22A26A8E9827}.Debug|Mixed Platforms.Build.0 = Debug|Any CPU
		{905285AD-A830-4BEB-A243-22A26A8E9827}.Debug|Win32.ActiveCfg = Debug|Any CPU
		{905285AD-A830-4BEB-A243-22A26A8E9827}.Debug|Win32.Build.0 = Debug|Any CPU
		{905285AD-A830-4BEB-A243-22A26A8E9827}.Deploy|Any CPU.ActiveCfg = Debug|Any CPU
		{905285AD-A830-4BEB-A243-22A26A8E9827}.Deploy|Any CPU.Build.0 = Debug|Any CPU
		{905285AD-A830-4BEB-A243-22A26A8E9827}.Deploy|Mixed Platforms.ActiveCfg = Debug|Any CPU
		{905285AD-A830-4BEB-A243-22A26A8E9827}.Deploy|Mixed Platforms.Build.0 = Debug|Any CPU
		{905285AD-A830-4BEB-A243-22A26A8E9827}.Deploy|Win32.ActiveCfg = Debug|Any CPU
		{905285AD-A830-4BEB-A243-22A26A8E9827}.Release|Any CPU.ActiveCfg = Release|Any CPU
		{905285AD-A830-4BEB-A243-22A26A8E9827}.Release|Any CPU.Build.0 = Release|Any CPU
		{905285AD-A830-4BEB-A243-22A26A8E9827}.Release|Mixed Platforms.ActiveCfg = Release|Any CPU
		{905285AD-A830-4BEB-A243-22A26A8E9827}.Release|Mixed Platforms.Build.0 = Release|Any CPU
		{905285AD-A830-4BEB-A243-22A26A8E9827}.Release|Win32.ActiveCfg = Release|Any CPU
		{905285AD-A830-4BEB-A243-22A26A8E9827}.Release|Win32.Build.0 = Release|Any CPU
		{DBA75D67-23C9-4A78-ABC2-CF8802FDB7CA}.Debug|Any CPU.ActiveCfg = Debug|Any CPU
		{DBA75D67-23C9-4A78-ABC2-CF8802FDB7CA}.Debug|Any CPU.Build.0 = Debug|Any CPU
		{DBA75D67-23C9-4A78-ABC2-CF8802FDB7CA}.Debug|Mixed Platforms.ActiveCfg = Debug|Any CPU
		{DBA75D67-23C9-4A78-ABC2-CF8802FDB7CA}.Debug|Mixed Platforms.Build.0 = Debug|Any CPU
		{DBA75D67-23C9-4A78-ABC2-CF8802FDB7CA}.Debug|Win32.ActiveCfg = Debug|Any CPU
		{DBA75D67-23C9-4A78-ABC2-CF8802FDB7CA}.Debug|Win32.Build.0 = Debug|Any CPU
		{DBA75D67-23C9-4A78-ABC2-CF8802FDB7CA}.Deploy|Any CPU.ActiveCfg = Debug|Any CPU
		{DBA75D67-23C9-4A78-ABC2-CF8802FDB7CA}.Deploy|Any CPU.Build.0 = Debug|Any CPU
		{DBA75D67-23C9-4A78-ABC2-CF8802FDB7CA}.Deploy|Mixed Platforms.ActiveCfg = Debug|Any CPU
		{DBA75D67-23C9-4A78-ABC2-CF8802FDB7CA}.Deploy|Mixed Platforms.Build.0 = Debug|Any CPU
		{DBA75D67-23C9-4A78-ABC2-CF8802FDB7CA}.Deploy|Win32.ActiveCfg = Debug|Any CPU
		{DBA75D67-23C9-4A78-ABC2-CF8802FDB7CA}.Release|Any CPU.ActiveCfg = Release|Any CPU
		{DBA75D67-23C9-4A78-ABC2-CF8802FDB7CA}.Release|Any CPU.Build.0 = Release|Any CPU
		{DBA75D67-23C9-4A78-ABC2-CF8802FDB7CA}.Release|Mixed Platforms.ActiveCfg = Release|Any CPU
		{DBA75D67-23C9-4A78-ABC2-CF8802FDB7CA}.Release|Mixed Platforms.Build.0 = Release|Any CPU
		{DBA75D67-23C9-4A78-ABC2-CF8802FDB7CA}.Release|Win32.ActiveCfg = Release|Any CPU
		{DBA75D67-23C9-4A78-ABC2-CF8802FDB7CA}.Release|Win32.Build.0 = Release|Any CPU
		{8282F072-D966-4075-A8DA-8911E36F4980}.Debug|Any CPU.ActiveCfg = Debug|Any CPU
		{8282F072-D966-4075-A8DA-8911E36F4980}.Debug|Any CPU.Build.0 = Debug|Any CPU
		{8282F072-D966-4075-A8DA-8911E36F4980}.Debug|Mixed Platforms.ActiveCfg = Debug|Any CPU
		{8282F072-D966-4075-A8DA-8911E36F4980}.Debug|Mixed Platforms.Build.0 = Debug|Any CPU
		{8282F072-D966-4075-A8DA-8911E36F4980}.Debug|Win32.ActiveCfg = Debug|Any CPU
		{8282F072-D966-4075-A8DA-8911E36F4980}.Debug|Win32.Build.0 = Debug|Any CPU
		{8282F072-D966-4075-A8DA-8911E36F4980}.Deploy|Any CPU.ActiveCfg = Debug|Any CPU
		{8282F072-D966-4075-A8DA-8911E36F4980}.Deploy|Any CPU.Build.0 = Debug|Any CPU
		{8282F072-D966-4075-A8DA-8911E36F4980}.Deploy|Mixed Platforms.ActiveCfg = Debug|Any CPU
		{8282F072-D966-4075-A8DA-8911E36F4980}.Deploy|Mixed Platforms.Build.0 = Debug|Any CPU
		{8282F072-D966-4075-A8DA-8911E36F4980}.Deploy|Win32.ActiveCfg = Debug|Any CPU
		{8282F072-D966-4075-A8DA-8911E36F4980}.Release|Any CPU.ActiveCfg = Release|Any CPU
		{8282F072-D966-4075-A8DA-8911E36F4980}.Release|Any CPU.Build.0 = Release|Any CPU
		{8282F072-D966-4075-A8DA-8911E36F4980}.Release|Mixed Platforms.ActiveCfg = Release|Any CPU
		{8282F072-D966-4075-A8DA-8911E36F4980}.Release|Mixed Platforms.Build.0 = Release|Any CPU
		{8282F072-D966-4075-A8DA-8911E36F4980}.Release|Win32.ActiveCfg = Release|Any CPU
		{8282F072-D966-4075-A8DA-8911E36F4980}.Release|Win32.Build.0 = Release|Any CPU
		{C90E801B-30AF-45DA-A138-E6BCCB1E99A7}.Debug|Any CPU.ActiveCfg = Debug|Any CPU
		{C90E801B-30AF-45DA-A138-E6BCCB1E99A7}.Debug|Any CPU.Build.0 = Debug|Any CPU
		{C90E801B-30AF-45DA-A138-E6BCCB1E99A7}.Debug|Mixed Platforms.ActiveCfg = Debug|Any CPU
		{C90E801B-30AF-45DA-A138-E6BCCB1E99A7}.Debug|Mixed Platforms.Build.0 = Debug|Any CPU
		{C90E801B-30AF-45DA-A138-E6BCCB1E99A7}.Debug|Win32.ActiveCfg = Debug|Any CPU
		{C90E801B-30AF-45DA-A138-E6BCCB1E99A7}.Debug|Win32.Build.0 = Debug|Any CPU
		{C90E801B-30AF-45DA-A138-E6BCCB1E99A7}.Deploy|Any CPU.ActiveCfg = Debug|Any CPU
		{C90E801B-30AF-45DA-A138-E6BCCB1E99A7}.Deploy|Any CPU.Build.0 = Debug|Any CPU
		{C90E801B-30AF-45DA-A138-E6BCCB1E99A7}.Deploy|Mixed Platforms.ActiveCfg = Debug|Any CPU
		{C90E801B-30AF-45DA-A138-E6BCCB1E99A7}.Deploy|Mixed Platforms.Build.0 = Debug|Any CPU
		{C90E801B-30AF-45DA-A138-E6BCCB1E99A7}.Deploy|Win32.ActiveCfg = Debug|Any CPU
		{C90E801B-30AF-45DA-A138-E6BCCB1E99A7}.Release|Any CPU.ActiveCfg = Release|Any CPU
		{C90E801B-30AF-45DA-A138-E6BCCB1E99A7}.Release|Any CPU.Build.0 = Release|Any CPU
		{C90E801B-30AF-45DA-A138-E6BCCB1E99A7}.Release|Mixed Platforms.ActiveCfg = Release|Any CPU
		{C90E801B-30AF-45DA-A138-E6BCCB1E99A7}.Release|Mixed Platforms.Build.0 = Release|Any CPU
		{C90E801B-30AF-45DA-A138-E6BCCB1E99A7}.Release|Win32.ActiveCfg = Release|Any CPU
		{C90E801B-30AF-45DA-A138-E6BCCB1E99A7}.Release|Win32.Build.0 = Release|Any CPU
		{17A4026E-1790-4965-A670-861AE002BEF0}.Debug|Any CPU.ActiveCfg = Debug|Any CPU
		{17A4026E-1790-4965-A670-861AE002BEF0}.Debug|Any CPU.Build.0 = Debug|Any CPU
		{17A4026E-1790-4965-A670-861AE002BEF0}.Debug|Mixed Platforms.ActiveCfg = Debug|Any CPU
		{17A4026E-1790-4965-A670-861AE002BEF0}.Debug|Mixed Platforms.Build.0 = Debug|Any CPU
		{17A4026E-1790-4965-A670-861AE002BEF0}.Debug|Win32.ActiveCfg = Debug|Any CPU
		{17A4026E-1790-4965-A670-861AE002BEF0}.Deploy|Any CPU.ActiveCfg = Debug|Any CPU
		{17A4026E-1790-4965-A670-861AE002BEF0}.Deploy|Any CPU.Build.0 = Debug|Any CPU
		{17A4026E-1790-4965-A670-861AE002BEF0}.Deploy|Mixed Platforms.ActiveCfg = Debug|Any CPU
		{17A4026E-1790-4965-A670-861AE002BEF0}.Deploy|Mixed Platforms.Build.0 = Debug|Any CPU
		{17A4026E-1790-4965-A670-861AE002BEF0}.Deploy|Win32.ActiveCfg = Debug|Any CPU
		{17A4026E-1790-4965-A670-861AE002BEF0}.Release|Any CPU.ActiveCfg = Release|Any CPU
		{17A4026E-1790-4965-A670-861AE002BEF0}.Release|Any CPU.Build.0 = Release|Any CPU
		{17A4026E-1790-4965-A670-861AE002BEF0}.Release|Mixed Platforms.ActiveCfg = Release|Any CPU
		{17A4026E-1790-4965-A670-861AE002BEF0}.Release|Win32.ActiveCfg = Release|Any CPU
		{D7D2286A-8378-4CC9-A260-7AC1EE65E24E}.Debug|Any CPU.ActiveCfg = Debug|Any CPU
		{D7D2286A-8378-4CC9-A260-7AC1EE65E24E}.Debug|Any CPU.Build.0 = Debug|Any CPU
		{D7D2286A-8378-4CC9-A260-7AC1EE65E24E}.Debug|Mixed Platforms.ActiveCfg = Debug|Any CPU
		{D7D2286A-8378-4CC9-A260-7AC1EE65E24E}.Debug|Mixed Platforms.Build.0 = Debug|Any CPU
		{D7D2286A-8378-4CC9-A260-7AC1EE65E24E}.Debug|Win32.ActiveCfg = Debug|Any CPU
		{D7D2286A-8378-4CC9-A260-7AC1EE65E24E}.Debug|Win32.Build.0 = Debug|Any CPU
		{D7D2286A-8378-4CC9-A260-7AC1EE65E24E}.Deploy|Any CPU.ActiveCfg = Debug|Any CPU
		{D7D2286A-8378-4CC9-A260-7AC1EE65E24E}.Deploy|Any CPU.Build.0 = Debug|Any CPU
		{D7D2286A-8378-4CC9-A260-7AC1EE65E24E}.Deploy|Mixed Platforms.ActiveCfg = Debug|Any CPU
		{D7D2286A-8378-4CC9-A260-7AC1EE65E24E}.Deploy|Mixed Platforms.Build.0 = Debug|Any CPU
		{D7D2286A-8378-4CC9-A260-7AC1EE65E24E}.Deploy|Win32.ActiveCfg = Debug|Any CPU
		{D7D2286A-8378-4CC9-A260-7AC1EE65E24E}.Release|Any CPU.ActiveCfg = Release|Any CPU
		{D7D2286A-8378-4CC9-A260-7AC1EE65E24E}.Release|Any CPU.Build.0 = Release|Any CPU
		{D7D2286A-8378-4CC9-A260-7AC1EE65E24E}.Release|Mixed Platforms.ActiveCfg = Release|Any CPU
		{D7D2286A-8378-4CC9-A260-7AC1EE65E24E}.Release|Mixed Platforms.Build.0 = Release|Any CPU
		{D7D2286A-8378-4CC9-A260-7AC1EE65E24E}.Release|Win32.ActiveCfg = Release|Any CPU
		{D7D2286A-8378-4CC9-A260-7AC1EE65E24E}.Release|Win32.Build.0 = Release|Any CPU
		{ED78444A-4734-41F7-8688-4BA9994BEBF5}.Debug|Any CPU.ActiveCfg = Debug|Any CPU
		{ED78444A-4734-41F7-8688-4BA9994BEBF5}.Debug|Any CPU.Build.0 = Debug|Any CPU
		{ED78444A-4734-41F7-8688-4BA9994BEBF5}.Debug|Mixed Platforms.ActiveCfg = Debug|Any CPU
		{ED78444A-4734-41F7-8688-4BA9994BEBF5}.Debug|Mixed Platforms.Build.0 = Debug|Any CPU
		{ED78444A-4734-41F7-8688-4BA9994BEBF5}.Debug|Win32.ActiveCfg = Debug|Any CPU
		{ED78444A-4734-41F7-8688-4BA9994BEBF5}.Debug|Win32.Build.0 = Debug|Any CPU
		{ED78444A-4734-41F7-8688-4BA9994BEBF5}.Deploy|Any CPU.ActiveCfg = Debug|Any CPU
		{ED78444A-4734-41F7-8688-4BA9994BEBF5}.Deploy|Any CPU.Build.0 = Debug|Any CPU
		{ED78444A-4734-41F7-8688-4BA9994BEBF5}.Deploy|Mixed Platforms.ActiveCfg = Debug|Any CPU
		{ED78444A-4734-41F7-8688-4BA9994BEBF5}.Deploy|Mixed Platforms.Build.0 = Debug|Any CPU
		{ED78444A-4734-41F7-8688-4BA9994BEBF5}.Deploy|Win32.ActiveCfg = Debug|Any CPU
		{ED78444A-4734-41F7-8688-4BA9994BEBF5}.Release|Any CPU.ActiveCfg = Release|Any CPU
		{ED78444A-4734-41F7-8688-4BA9994BEBF5}.Release|Any CPU.Build.0 = Release|Any CPU
		{ED78444A-4734-41F7-8688-4BA9994BEBF5}.Release|Mixed Platforms.ActiveCfg = Release|Any CPU
		{ED78444A-4734-41F7-8688-4BA9994BEBF5}.Release|Mixed Platforms.Build.0 = Release|Any CPU
		{ED78444A-4734-41F7-8688-4BA9994BEBF5}.Release|Win32.ActiveCfg = Release|Any CPU
		{ED78444A-4734-41F7-8688-4BA9994BEBF5}.Release|Win32.Build.0 = Release|Any CPU
		{8844E0D9-FCA0-419D-9168-BCD420B38378}.Debug|Any CPU.ActiveCfg = Debug|Any CPU
		{8844E0D9-FCA0-419D-9168-BCD420B38378}.Debug|Any CPU.Build.0 = Debug|Any CPU
		{8844E0D9-FCA0-419D-9168-BCD420B38378}.Debug|Mixed Platforms.ActiveCfg = Debug|Any CPU
		{8844E0D9-FCA0-419D-9168-BCD420B38378}.Debug|Mixed Platforms.Build.0 = Debug|Any CPU
		{8844E0D9-FCA0-419D-9168-BCD420B38378}.Debug|Win32.ActiveCfg = Debug|Any CPU
		{8844E0D9-FCA0-419D-9168-BCD420B38378}.Deploy|Any CPU.ActiveCfg = Debug|Any CPU
		{8844E0D9-FCA0-419D-9168-BCD420B38378}.Deploy|Any CPU.Build.0 = Debug|Any CPU
		{8844E0D9-FCA0-419D-9168-BCD420B38378}.Deploy|Mixed Platforms.ActiveCfg = Debug|Any CPU
		{8844E0D9-FCA0-419D-9168-BCD420B38378}.Deploy|Mixed Platforms.Build.0 = Debug|Any CPU
		{8844E0D9-FCA0-419D-9168-BCD420B38378}.Deploy|Win32.ActiveCfg = Debug|Any CPU
		{8844E0D9-FCA0-419D-9168-BCD420B38378}.Release|Any CPU.ActiveCfg = Release|Any CPU
		{8844E0D9-FCA0-419D-9168-BCD420B38378}.Release|Any CPU.Build.0 = Release|Any CPU
		{8844E0D9-FCA0-419D-9168-BCD420B38378}.Release|Mixed Platforms.ActiveCfg = Release|Any CPU
		{8844E0D9-FCA0-419D-9168-BCD420B38378}.Release|Win32.ActiveCfg = Release|Any CPU
		{2929DFA6-FFCF-4110-B8B5-3005A087B58A}.Debug|Any CPU.ActiveCfg = Debug|Any CPU
		{2929DFA6-FFCF-4110-B8B5-3005A087B58A}.Debug|Any CPU.Build.0 = Debug|Any CPU
		{2929DFA6-FFCF-4110-B8B5-3005A087B58A}.Debug|Mixed Platforms.ActiveCfg = Debug|Any CPU
		{2929DFA6-FFCF-4110-B8B5-3005A087B58A}.Debug|Mixed Platforms.Build.0 = Debug|Any CPU
		{2929DFA6-FFCF-4110-B8B5-3005A087B58A}.Debug|Win32.ActiveCfg = Debug|Any CPU
		{2929DFA6-FFCF-4110-B8B5-3005A087B58A}.Deploy|Any CPU.ActiveCfg = Debug|Any CPU
		{2929DFA6-FFCF-4110-B8B5-3005A087B58A}.Deploy|Any CPU.Build.0 = Debug|Any CPU
		{2929DFA6-FFCF-4110-B8B5-3005A087B58A}.Deploy|Mixed Platforms.ActiveCfg = Debug|Any CPU
		{2929DFA6-FFCF-4110-B8B5-3005A087B58A}.Deploy|Mixed Platforms.Build.0 = Debug|Any CPU
		{2929DFA6-FFCF-4110-B8B5-3005A087B58A}.Deploy|Win32.ActiveCfg = Debug|Any CPU
		{2929DFA6-FFCF-4110-B8B5-3005A087B58A}.Release|Any CPU.ActiveCfg = Release|Any CPU
		{2929DFA6-FFCF-4110-B8B5-3005A087B58A}.Release|Any CPU.Build.0 = Release|Any CPU
		{2929DFA6-FFCF-4110-B8B5-3005A087B58A}.Release|Mixed Platforms.ActiveCfg = Release|Any CPU
		{2929DFA6-FFCF-4110-B8B5-3005A087B58A}.Release|Win32.ActiveCfg = Release|Any CPU
		{5B088ED3-EEED-4DD4-AE4C-A7E9323B634C}.Debug|Any CPU.ActiveCfg = Debug|Any CPU
		{5B088ED3-EEED-4DD4-AE4C-A7E9323B634C}.Debug|Any CPU.Build.0 = Debug|Any CPU
		{5B088ED3-EEED-4DD4-AE4C-A7E9323B634C}.Debug|Mixed Platforms.ActiveCfg = Debug|Any CPU
		{5B088ED3-EEED-4DD4-AE4C-A7E9323B634C}.Debug|Mixed Platforms.Build.0 = Debug|Any CPU
		{5B088ED3-EEED-4DD4-AE4C-A7E9323B634C}.Debug|Win32.ActiveCfg = Debug|Any CPU
		{5B088ED3-EEED-4DD4-AE4C-A7E9323B634C}.Deploy|Any CPU.ActiveCfg = Debug|Any CPU
		{5B088ED3-EEED-4DD4-AE4C-A7E9323B634C}.Deploy|Any CPU.Build.0 = Debug|Any CPU
		{5B088ED3-EEED-4DD4-AE4C-A7E9323B634C}.Deploy|Mixed Platforms.ActiveCfg = Debug|Any CPU
		{5B088ED3-EEED-4DD4-AE4C-A7E9323B634C}.Deploy|Mixed Platforms.Build.0 = Debug|Any CPU
		{5B088ED3-EEED-4DD4-AE4C-A7E9323B634C}.Deploy|Win32.ActiveCfg = Debug|Any CPU
		{5B088ED3-EEED-4DD4-AE4C-A7E9323B634C}.Release|Any CPU.ActiveCfg = Release|Any CPU
		{5B088ED3-EEED-4DD4-AE4C-A7E9323B634C}.Release|Any CPU.Build.0 = Release|Any CPU
		{5B088ED3-EEED-4DD4-AE4C-A7E9323B634C}.Release|Mixed Platforms.ActiveCfg = Release|Any CPU
		{5B088ED3-EEED-4DD4-AE4C-A7E9323B634C}.Release|Win32.ActiveCfg = Release|Any CPU
		{D250CF6D-13ED-4B69-AE7C-345D7C686B49}.Debug|Any CPU.ActiveCfg = Debug|Win32
		{D250CF6D-13ED-4B69-AE7C-345D7C686B49}.Debug|Mixed Platforms.ActiveCfg = Debug|Win32
		{D250CF6D-13ED-4B69-AE7C-345D7C686B49}.Debug|Win32.ActiveCfg = Debug|Win32
		{D250CF6D-13ED-4B69-AE7C-345D7C686B49}.Deploy|Any CPU.ActiveCfg = Deploy|Win32
		{D250CF6D-13ED-4B69-AE7C-345D7C686B49}.Deploy|Mixed Platforms.ActiveCfg = Deploy|Win32
		{D250CF6D-13ED-4B69-AE7C-345D7C686B49}.Deploy|Mixed Platforms.Build.0 = Deploy|Win32
		{D250CF6D-13ED-4B69-AE7C-345D7C686B49}.Deploy|Win32.ActiveCfg = Deploy|Win32
		{D250CF6D-13ED-4B69-AE7C-345D7C686B49}.Deploy|Win32.Build.0 = Deploy|Win32
		{D250CF6D-13ED-4B69-AE7C-345D7C686B49}.Release|Any CPU.ActiveCfg = Release|Win32
		{D250CF6D-13ED-4B69-AE7C-345D7C686B49}.Release|Mixed Platforms.ActiveCfg = Release|Win32
		{D250CF6D-13ED-4B69-AE7C-345D7C686B49}.Release|Mixed Platforms.Build.0 = Release|Win32
		{D250CF6D-13ED-4B69-AE7C-345D7C686B49}.Release|Win32.ActiveCfg = Release|Win32
		{D250CF6D-13ED-4B69-AE7C-345D7C686B49}.Release|Win32.Build.0 = Release|Win32
		{0E14C115-C99D-49F7-A892-3AEF74320A61}.Debug|Any CPU.ActiveCfg = Debug|Any CPU
		{0E14C115-C99D-49F7-A892-3AEF74320A61}.Debug|Any CPU.Build.0 = Debug|Any CPU
		{0E14C115-C99D-49F7-A892-3AEF74320A61}.Debug|Mixed Platforms.ActiveCfg = Debug|Any CPU
		{0E14C115-C99D-49F7-A892-3AEF74320A61}.Debug|Mixed Platforms.Build.0 = Debug|Any CPU
		{0E14C115-C99D-49F7-A892-3AEF74320A61}.Debug|Win32.ActiveCfg = Debug|Any CPU
		{0E14C115-C99D-49F7-A892-3AEF74320A61}.Debug|Win32.Build.0 = Debug|Any CPU
		{0E14C115-C99D-49F7-A892-3AEF74320A61}.Deploy|Any CPU.ActiveCfg = Debug|Any CPU
		{0E14C115-C99D-49F7-A892-3AEF74320A61}.Deploy|Any CPU.Build.0 = Debug|Any CPU
		{0E14C115-C99D-49F7-A892-3AEF74320A61}.Deploy|Mixed Platforms.ActiveCfg = Debug|Any CPU
		{0E14C115-C99D-49F7-A892-3AEF74320A61}.Deploy|Mixed Platforms.Build.0 = Debug|Any CPU
		{0E14C115-C99D-49F7-A892-3AEF74320A61}.Deploy|Win32.ActiveCfg = Debug|Any CPU
		{0E14C115-C99D-49F7-A892-3AEF74320A61}.Release|Any CPU.ActiveCfg = Release|Any CPU
		{0E14C115-C99D-49F7-A892-3AEF74320A61}.Release|Any CPU.Build.0 = Release|Any CPU
		{0E14C115-C99D-49F7-A892-3AEF74320A61}.Release|Mixed Platforms.ActiveCfg = Release|Any CPU
		{0E14C115-C99D-49F7-A892-3AEF74320A61}.Release|Mixed Platforms.Build.0 = Release|Any CPU
		{0E14C115-C99D-49F7-A892-3AEF74320A61}.Release|Win32.ActiveCfg = Release|Any CPU
		{0E14C115-C99D-49F7-A892-3AEF74320A61}.Release|Win32.Build.0 = Release|Any CPU
		{E483DCDD-A621-4DD6-92A3-5D9F4F9A7FC9}.Debug|Any CPU.ActiveCfg = Debug|Any CPU
		{E483DCDD-A621-4DD6-92A3-5D9F4F9A7FC9}.Debug|Any CPU.Build.0 = Debug|Any CPU
		{E483DCDD-A621-4DD6-92A3-5D9F4F9A7FC9}.Debug|Mixed Platforms.ActiveCfg = Debug|Any CPU
		{E483DCDD-A621-4DD6-92A3-5D9F4F9A7FC9}.Debug|Mixed Platforms.Build.0 = Debug|Any CPU
		{E483DCDD-A621-4DD6-92A3-5D9F4F9A7FC9}.Debug|Win32.ActiveCfg = Debug|Any CPU
		{E483DCDD-A621-4DD6-92A3-5D9F4F9A7FC9}.Deploy|Any CPU.ActiveCfg = Debug|Any CPU
		{E483DCDD-A621-4DD6-92A3-5D9F4F9A7FC9}.Deploy|Any CPU.Build.0 = Debug|Any CPU
		{E483DCDD-A621-4DD6-92A3-5D9F4F9A7FC9}.Deploy|Mixed Platforms.ActiveCfg = Debug|Any CPU
		{E483DCDD-A621-4DD6-92A3-5D9F4F9A7FC9}.Deploy|Mixed Platforms.Build.0 = Debug|Any CPU
		{E483DCDD-A621-4DD6-92A3-5D9F4F9A7FC9}.Deploy|Win32.ActiveCfg = Debug|Any CPU
		{E483DCDD-A621-4DD6-92A3-5D9F4F9A7FC9}.Release|Any CPU.ActiveCfg = Release|Any CPU
		{E483DCDD-A621-4DD6-92A3-5D9F4F9A7FC9}.Release|Any CPU.Build.0 = Release|Any CPU
		{E483DCDD-A621-4DD6-92A3-5D9F4F9A7FC9}.Release|Mixed Platforms.ActiveCfg = Release|Any CPU
		{E483DCDD-A621-4DD6-92A3-5D9F4F9A7FC9}.Release|Win32.ActiveCfg = Release|Any CPU
		{B09E5CDA-AA48-48A0-BC4F-100243D71922}.Debug|Any CPU.ActiveCfg = Debug|Any CPU
		{B09E5CDA-AA48-48A0-BC4F-100243D71922}.Debug|Any CPU.Build.0 = Debug|Any CPU
		{B09E5CDA-AA48-48A0-BC4F-100243D71922}.Debug|Mixed Platforms.ActiveCfg = Debug|Any CPU
		{B09E5CDA-AA48-48A0-BC4F-100243D71922}.Debug|Mixed Platforms.Build.0 = Debug|Any CPU
		{B09E5CDA-AA48-48A0-BC4F-100243D71922}.Debug|Win32.ActiveCfg = Debug|Any CPU
		{B09E5CDA-AA48-48A0-BC4F-100243D71922}.Deploy|Any CPU.ActiveCfg = Debug|Any CPU
		{B09E5CDA-AA48-48A0-BC4F-100243D71922}.Deploy|Any CPU.Build.0 = Debug|Any CPU
		{B09E5CDA-AA48-48A0-BC4F-100243D71922}.Deploy|Mixed Platforms.ActiveCfg = Debug|Any CPU
		{B09E5CDA-AA48-48A0-BC4F-100243D71922}.Deploy|Mixed Platforms.Build.0 = Debug|Any CPU
		{B09E5CDA-AA48-48A0-BC4F-100243D71922}.Deploy|Win32.ActiveCfg = Debug|Any CPU
		{B09E5CDA-AA48-48A0-BC4F-100243D71922}.Release|Any CPU.ActiveCfg = Release|Any CPU
		{B09E5CDA-AA48-48A0-BC4F-100243D71922}.Release|Any CPU.Build.0 = Release|Any CPU
		{B09E5CDA-AA48-48A0-BC4F-100243D71922}.Release|Mixed Platforms.ActiveCfg = Release|Any CPU
		{B09E5CDA-AA48-48A0-BC4F-100243D71922}.Release|Win32.ActiveCfg = Release|Any CPU
		{0A0D6E2E-6017-46F5-A78E-0D828D65A742}.Debug|Any CPU.ActiveCfg = Debug
		{0A0D6E2E-6017-46F5-A78E-0D828D65A742}.Debug|Any CPU.Build.0 = Debug
		{0A0D6E2E-6017-46F5-A78E-0D828D65A742}.Debug|Mixed Platforms.ActiveCfg = Debug
		{0A0D6E2E-6017-46F5-A78E-0D828D65A742}.Debug|Win32.ActiveCfg = Debug
		{0A0D6E2E-6017-46F5-A78E-0D828D65A742}.Deploy|Any CPU.ActiveCfg = Debug
		{0A0D6E2E-6017-46F5-A78E-0D828D65A742}.Deploy|Any CPU.Build.0 = Debug
		{0A0D6E2E-6017-46F5-A78E-0D828D65A742}.Deploy|Mixed Platforms.ActiveCfg = Debug
		{0A0D6E2E-6017-46F5-A78E-0D828D65A742}.Deploy|Win32.ActiveCfg = Debug
		{0A0D6E2E-6017-46F5-A78E-0D828D65A742}.Release|Any CPU.ActiveCfg = Release
		{0A0D6E2E-6017-46F5-A78E-0D828D65A742}.Release|Any CPU.Build.0 = Release
		{0A0D6E2E-6017-46F5-A78E-0D828D65A742}.Release|Mixed Platforms.ActiveCfg = Release
		{0A0D6E2E-6017-46F5-A78E-0D828D65A742}.Release|Mixed Platforms.Build.0 = Release
		{0A0D6E2E-6017-46F5-A78E-0D828D65A742}.Release|Win32.ActiveCfg = Release
		{0A0D6E2E-6017-46F5-A78E-0D828D65A742}.Release|Win32.Build.0 = Release
		{087FF069-C495-4CE7-B999-06C2B5D311B9}.Debug|Any CPU.ActiveCfg = Debug|Any CPU
		{087FF069-C495-4CE7-B999-06C2B5D311B9}.Debug|Any CPU.Build.0 = Debug|Any CPU
		{087FF069-C495-4CE7-B999-06C2B5D311B9}.Debug|Mixed Platforms.ActiveCfg = Debug|Any CPU
		{087FF069-C495-4CE7-B999-06C2B5D311B9}.Debug|Mixed Platforms.Build.0 = Debug|Any CPU
		{087FF069-C495-4CE7-B999-06C2B5D311B9}.Debug|Win32.ActiveCfg = Debug|Any CPU
		{087FF069-C495-4CE7-B999-06C2B5D311B9}.Debug|Win32.Build.0 = Debug|Any CPU
		{087FF069-C495-4CE7-B999-06C2B5D311B9}.Deploy|Any CPU.ActiveCfg = Debug|Any CPU
		{087FF069-C495-4CE7-B999-06C2B5D311B9}.Deploy|Any CPU.Build.0 = Debug|Any CPU
		{087FF069-C495-4CE7-B999-06C2B5D311B9}.Deploy|Mixed Platforms.ActiveCfg = Debug|Any CPU
		{087FF069-C495-4CE7-B999-06C2B5D311B9}.Deploy|Mixed Platforms.Build.0 = Debug|Any CPU
		{087FF069-C495-4CE7-B999-06C2B5D311B9}.Deploy|Win32.ActiveCfg = Debug|Any CPU
		{087FF069-C495-4CE7-B999-06C2B5D311B9}.Release|Any CPU.ActiveCfg = Release|Any CPU
		{087FF069-C495-4CE7-B999-06C2B5D311B9}.Release|Any CPU.Build.0 = Release|Any CPU
		{087FF069-C495-4CE7-B999-06C2B5D311B9}.Release|Mixed Platforms.ActiveCfg = Release|Any CPU
		{087FF069-C495-4CE7-B999-06C2B5D311B9}.Release|Win32.ActiveCfg = Release|Any CPU
		{78684BDC-E23C-4BBA-B9B6-EB271D6C9016}.Debug|Any CPU.ActiveCfg = Debug|Any CPU
		{78684BDC-E23C-4BBA-B9B6-EB271D6C9016}.Debug|Any CPU.Build.0 = Debug|Any CPU
		{78684BDC-E23C-4BBA-B9B6-EB271D6C9016}.Debug|Mixed Platforms.ActiveCfg = Debug|Any CPU
		{78684BDC-E23C-4BBA-B9B6-EB271D6C9016}.Debug|Mixed Platforms.Build.0 = Debug|Any CPU
		{78684BDC-E23C-4BBA-B9B6-EB271D6C9016}.Debug|Win32.ActiveCfg = Debug|Any CPU
		{78684BDC-E23C-4BBA-B9B6-EB271D6C9016}.Deploy|Any CPU.ActiveCfg = Debug|Any CPU
		{78684BDC-E23C-4BBA-B9B6-EB271D6C9016}.Deploy|Any CPU.Build.0 = Debug|Any CPU
		{78684BDC-E23C-4BBA-B9B6-EB271D6C9016}.Deploy|Mixed Platforms.ActiveCfg = Debug|Any CPU
		{78684BDC-E23C-4BBA-B9B6-EB271D6C9016}.Deploy|Mixed Platforms.Build.0 = Debug|Any CPU
		{78684BDC-E23C-4BBA-B9B6-EB271D6C9016}.Deploy|Win32.ActiveCfg = Debug|Any CPU
		{78684BDC-E23C-4BBA-B9B6-EB271D6C9016}.Release|Any CPU.ActiveCfg = Release|Any CPU
		{78684BDC-E23C-4BBA-B9B6-EB271D6C9016}.Release|Any CPU.Build.0 = Release|Any CPU
		{78684BDC-E23C-4BBA-B9B6-EB271D6C9016}.Release|Mixed Platforms.ActiveCfg = Release|Any CPU
		{78684BDC-E23C-4BBA-B9B6-EB271D6C9016}.Release|Mixed Platforms.Build.0 = Release|Any CPU
		{78684BDC-E23C-4BBA-B9B6-EB271D6C9016}.Release|Win32.ActiveCfg = Release|Any CPU
		{3E9FF63F-ABE2-4A7A-873B-D3103D3BABF1}.Debug|Any CPU.ActiveCfg = Debug|Any CPU
		{3E9FF63F-ABE2-4A7A-873B-D3103D3BABF1}.Debug|Any CPU.Build.0 = Debug|Any CPU
		{3E9FF63F-ABE2-4A7A-873B-D3103D3BABF1}.Debug|Mixed Platforms.ActiveCfg = Debug|Any CPU
		{3E9FF63F-ABE2-4A7A-873B-D3103D3BABF1}.Debug|Mixed Platforms.Build.0 = Debug|Any CPU
		{3E9FF63F-ABE2-4A7A-873B-D3103D3BABF1}.Debug|Win32.ActiveCfg = Debug|Any CPU
		{3E9FF63F-ABE2-4A7A-873B-D3103D3BABF1}.Deploy|Any CPU.ActiveCfg = Debug|Any CPU
		{3E9FF63F-ABE2-4A7A-873B-D3103D3BABF1}.Deploy|Any CPU.Build.0 = Debug|Any CPU
		{3E9FF63F-ABE2-4A7A-873B-D3103D3BABF1}.Deploy|Mixed Platforms.ActiveCfg = Debug|Any CPU
		{3E9FF63F-ABE2-4A7A-873B-D3103D3BABF1}.Deploy|Mixed Platforms.Build.0 = Debug|Any CPU
		{3E9FF63F-ABE2-4A7A-873B-D3103D3BABF1}.Deploy|Win32.ActiveCfg = Debug|Any CPU
		{3E9FF63F-ABE2-4A7A-873B-D3103D3BABF1}.Release|Any CPU.ActiveCfg = Release|Any CPU
		{3E9FF63F-ABE2-4A7A-873B-D3103D3BABF1}.Release|Any CPU.Build.0 = Release|Any CPU
		{3E9FF63F-ABE2-4A7A-873B-D3103D3BABF1}.Release|Mixed Platforms.ActiveCfg = Release|Any CPU
		{3E9FF63F-ABE2-4A7A-873B-D3103D3BABF1}.Release|Mixed Platforms.Build.0 = Release|Any CPU
		{3E9FF63F-ABE2-4A7A-873B-D3103D3BABF1}.Release|Win32.ActiveCfg = Release|Any CPU
		{8185BFAF-72B4-49E9-B9AC-090F032EC20F}.Debug|Any CPU.ActiveCfg = Debug|Any CPU
		{8185BFAF-72B4-49E9-B9AC-090F032EC20F}.Debug|Any CPU.Build.0 = Debug|Any CPU
		{8185BFAF-72B4-49E9-B9AC-090F032EC20F}.Debug|Mixed Platforms.ActiveCfg = Debug|Any CPU
		{8185BFAF-72B4-49E9-B9AC-090F032EC20F}.Debug|Mixed Platforms.Build.0 = Debug|Any CPU
		{8185BFAF-72B4-49E9-B9AC-090F032EC20F}.Debug|Win32.ActiveCfg = Debug|Any CPU
		{8185BFAF-72B4-49E9-B9AC-090F032EC20F}.Deploy|Any CPU.ActiveCfg = Debug|Any CPU
		{8185BFAF-72B4-49E9-B9AC-090F032EC20F}.Deploy|Any CPU.Build.0 = Debug|Any CPU
		{8185BFAF-72B4-49E9-B9AC-090F032EC20F}.Deploy|Mixed Platforms.ActiveCfg = Debug|Any CPU
		{8185BFAF-72B4-49E9-B9AC-090F032EC20F}.Deploy|Mixed Platforms.Build.0 = Debug|Any CPU
		{8185BFAF-72B4-49E9-B9AC-090F032EC20F}.Deploy|Win32.ActiveCfg = Debug|Any CPU
		{8185BFAF-72B4-49E9-B9AC-090F032EC20F}.Release|Any CPU.ActiveCfg = Release|Any CPU
		{8185BFAF-72B4-49E9-B9AC-090F032EC20F}.Release|Any CPU.Build.0 = Release|Any CPU
		{8185BFAF-72B4-49E9-B9AC-090F032EC20F}.Release|Mixed Platforms.ActiveCfg = Release|Any CPU
		{8185BFAF-72B4-49E9-B9AC-090F032EC20F}.Release|Mixed Platforms.Build.0 = Release|Any CPU
		{8185BFAF-72B4-49E9-B9AC-090F032EC20F}.Release|Win32.ActiveCfg = Release|Any CPU
	EndGlobalSection
	GlobalSection(SolutionProperties) = preSolution
		HideSolutionNode = FALSE
	EndGlobalSection
	GlobalSection(SubversionScc) = preSolution
		Svn-Managed = True
		Manager = AnkhSVN - Subversion Support for Visual Studio
	EndGlobalSection
EndGlobal
