Microsoft Visual Studio Solution File, Format Version 7.00
Project("{FAE04EC0-301F-11D3-BF4B-00C04F79EFBC}") = "Gui", "Gui\Gui.csproj", "{905285AD-A830-4BEB-A243-22A26A8E9827}"
EndProject
Project("{FAE04EC0-301F-11D3-BF4B-00C04F79EFBC}") = "Core", "Core\Core.csproj", "{DBA75D67-23C9-4A78-ABC2-CF8802FDB7CA}"
EndProject
Project("{FAE04EC0-301F-11D3-BF4B-00C04F79EFBC}") = "Msdn", "Documenter\Msdn\Msdn.csproj", "{8282F072-D966-4075-A8DA-8911E36F4980}"
EndProject
Project("{FAE04EC0-301F-11D3-BF4B-00C04F79EFBC}") = "Xml", "Documenter\Xml\Xml.csproj", "{C90E801B-30AF-45DA-A138-E6BCCB1E99A7}"
EndProject
Project("{FAE04EC0-301F-11D3-BF4B-00C04F79EFBC}") = "JavaDoc", "Documenter\JavaDoc\JavaDoc.csproj", "{17A4026E-1790-4965-A670-861AE002BEF0}"
EndProject
Project("{FAE04EC0-301F-11D3-BF4B-00C04F79EFBC}") = "Test", "Test\Test.csproj", "{087FF069-C495-4CE7-B999-06C2B5D311B9}"
EndProject
Project("{FAE04EC0-301F-11D3-BF4B-00C04F79EFBC}") = "Console", "Console\Console.csproj", "{D7D2286A-8378-4CC9-A260-7AC1EE65E24E}"
EndProject
Project("{FAE04EC0-301F-11D3-BF4B-00C04F79EFBC}") = "VisualStudio", "VisualStudio\VisualStudio.csproj", "{ED78444A-4734-41F7-8688-4BA9994BEBF5}"
EndProject
Project("{54435603-DBB4-11D2-8724-00A0C9A8B90C}") = "Setup", "Setup\Setup.vdproj", "{0CC76B02-6822-47F2-9C7A-2C63B3B813A7}"
EndProject
Project("{FAE04EC0-301F-11D3-BF4B-00C04F79EFBC}") = "NDocBuild", "Addins\NDocBuild\NDocBuild.csproj", "{FE4CE1CE-DA73-4C3D-B85A-72390E159AB7}"
EndProject
Project("{54435603-DBB4-11D2-8724-00A0C9A8B90C}") = "NDocBuildSetup", "Addins\NDocBuild\NDocBuildSetup\NDocBuildSetup.vdproj", "{CB7E2BED-653A-4E8F-9A81-E188D5219511}"
EndProject
Project("{FAE04EC0-301F-11D3-BF4B-00C04F79EFBC}") = "NDocGen", "NDocGen\NDocGen.csproj", "{E425AB4F-B068-4508-A0E3-20CE8C577F14}"
EndProject
Global
	GlobalSection(SolutionConfiguration) = preSolution
		ConfigName.0 = Debug
		ConfigName.1 = Release
	EndGlobalSection
	GlobalSection(ProjectDependencies) = postSolution
	EndGlobalSection
	GlobalSection(ProjectConfiguration) = postSolution
		{905285AD-A830-4BEB-A243-22A26A8E9827}.Debug.ActiveCfg = Debug|.NET
		{905285AD-A830-4BEB-A243-22A26A8E9827}.Debug.Build.0 = Debug|.NET
		{905285AD-A830-4BEB-A243-22A26A8E9827}.Release.ActiveCfg = Release|.NET
		{905285AD-A830-4BEB-A243-22A26A8E9827}.Release.Build.0 = Release|.NET
		{DBA75D67-23C9-4A78-ABC2-CF8802FDB7CA}.Debug.ActiveCfg = Debug|.NET
		{DBA75D67-23C9-4A78-ABC2-CF8802FDB7CA}.Debug.Build.0 = Debug|.NET
		{DBA75D67-23C9-4A78-ABC2-CF8802FDB7CA}.Release.ActiveCfg = Release|.NET
		{DBA75D67-23C9-4A78-ABC2-CF8802FDB7CA}.Release.Build.0 = Release|.NET
		{8282F072-D966-4075-A8DA-8911E36F4980}.Debug.ActiveCfg = Debug|.NET
		{8282F072-D966-4075-A8DA-8911E36F4980}.Debug.Build.0 = Debug|.NET
		{8282F072-D966-4075-A8DA-8911E36F4980}.Release.ActiveCfg = Release|.NET
		{8282F072-D966-4075-A8DA-8911E36F4980}.Release.Build.0 = Release|.NET
		{C90E801B-30AF-45DA-A138-E6BCCB1E99A7}.Debug.ActiveCfg = Debug|.NET
		{C90E801B-30AF-45DA-A138-E6BCCB1E99A7}.Debug.Build.0 = Debug|.NET
		{C90E801B-30AF-45DA-A138-E6BCCB1E99A7}.Release.ActiveCfg = Release|.NET
		{C90E801B-30AF-45DA-A138-E6BCCB1E99A7}.Release.Build.0 = Release|.NET
		{17A4026E-1790-4965-A670-861AE002BEF0}.Debug.ActiveCfg = Debug|.NET
		{17A4026E-1790-4965-A670-861AE002BEF0}.Debug.Build.0 = Debug|.NET
		{17A4026E-1790-4965-A670-861AE002BEF0}.Release.ActiveCfg = Release|.NET
		{17A4026E-1790-4965-A670-861AE002BEF0}.Release.Build.0 = Release|.NET
		{087FF069-C495-4CE7-B999-06C2B5D311B9}.Debug.ActiveCfg = Debug|.NET
		{087FF069-C495-4CE7-B999-06C2B5D311B9}.Debug.Build.0 = Debug|.NET
		{087FF069-C495-4CE7-B999-06C2B5D311B9}.Release.ActiveCfg = Release|.NET
		{087FF069-C495-4CE7-B999-06C2B5D311B9}.Release.Build.0 = Release|.NET
		{D7D2286A-8378-4CC9-A260-7AC1EE65E24E}.Debug.ActiveCfg = Debug|.NET
		{D7D2286A-8378-4CC9-A260-7AC1EE65E24E}.Debug.Build.0 = Debug|.NET
		{D7D2286A-8378-4CC9-A260-7AC1EE65E24E}.Release.ActiveCfg = Release|.NET
		{D7D2286A-8378-4CC9-A260-7AC1EE65E24E}.Release.Build.0 = Release|.NET
		{ED78444A-4734-41F7-8688-4BA9994BEBF5}.Debug.ActiveCfg = Debug|.NET
		{ED78444A-4734-41F7-8688-4BA9994BEBF5}.Debug.Build.0 = Debug|.NET
		{ED78444A-4734-41F7-8688-4BA9994BEBF5}.Release.ActiveCfg = Release|.NET
		{ED78444A-4734-41F7-8688-4BA9994BEBF5}.Release.Build.0 = Release|.NET
		{0CC76B02-6822-47F2-9C7A-2C63B3B813A7}.Debug.ActiveCfg = Debug
		{0CC76B02-6822-47F2-9C7A-2C63B3B813A7}.Release.ActiveCfg = Release
		{FE4CE1CE-DA73-4C3D-B85A-72390E159AB7}.Debug.ActiveCfg = Debug|.NET
		{FE4CE1CE-DA73-4C3D-B85A-72390E159AB7}.Release.ActiveCfg = Release|.NET
		{CB7E2BED-653A-4E8F-9A81-E188D5219511}.Debug.ActiveCfg = Debug
		{CB7E2BED-653A-4E8F-9A81-E188D5219511}.Release.ActiveCfg = Release
		{E425AB4F-B068-4508-A0E3-20CE8C577F14}.Debug.ActiveCfg = Debug|.NET
		{E425AB4F-B068-4508-A0E3-20CE8C577F14}.Debug.Build.0 = Debug|.NET
		{E425AB4F-B068-4508-A0E3-20CE8C577F14}.Release.ActiveCfg = Release|.NET
		{E425AB4F-B068-4508-A0E3-20CE8C577F14}.Release.Build.0 = Release|.NET
	EndGlobalSection
	GlobalSection(ExtensibilityGlobals) = postSolution
	EndGlobalSection
	GlobalSection(ExtensibilityAddIns) = postSolution
	EndGlobalSection
EndGlobal
